# THIS IS AN AUTOGENERATED FILE. DO NOT EDIT THIS FILE DIRECTLY.
# yarn lockfile v1


concurrify@^1.0.0:
  version "1.0.3"
  resolved "https://registry.yarnpkg.com/concurrify/-/concurrify-1.0.3.tgz#591f4675271b5ee5b90ef209eadda37b782e735b"
  dependencies:
    sanctuary-type-classes "^8.0.0"
    sanctuary-type-identifiers "^2.0.0"

denque@^1.1.1:
  version "1.2.3"
  resolved "https://registry.yarnpkg.com/denque/-/denque-1.2.3.tgz#98c50c8dd8cdfae318cc5859cc8ee3da0f9b0cc2"

fluture@^8.0.2:
  version "8.0.2"
  resolved "https://registry.yarnpkg.com/fluture/-/fluture-8.0.2.tgz#015f8b36b994188fb33d3bfa0da327b520a5e047"
  dependencies:
    concurrify "^1.0.0"
    denque "^1.1.1"
    inspect-f "^1.2.0"
    sanctuary-type-classes "^8.0.0"
    sanctuary-type-identifiers "^2.0.0"

inspect-f@^1.2.0:
  version "1.2.2"
  resolved "https://registry.yarnpkg.com/inspect-f/-/inspect-f-1.2.2.tgz#7572803dc59099850e51d5c94f3d7962df10e46d"

sanctuary-type-classes@^8.0.0:
  version "8.1.1"
  resolved "https://registry.yarnpkg.com/sanctuary-type-classes/-/sanctuary-type-classes-8.1.1.tgz#238e3a9ca675c07de7cadfbf8ef1f98f37c6890b"
  dependencies:
    sanctuary-type-identifiers "1.0.x"

sanctuary-type-identifiers@1.0.x:
  version "1.0.0"
  resolved "https://registry.yarnpkg.com/sanctuary-type-identifiers/-/sanctuary-type-identifiers-1.0.0.tgz#e8f359f006cb5e624cfb8464603fc114608bde9f"

sanctuary-type-identifiers@^2.0.0:
  version "2.0.1"
  resolved "https://registry.yarnpkg.com/sanctuary-type-identifiers/-/sanctuary-type-identifiers-2.0.1.tgz#fc524cf6dd92cebfcbb0dd9509eff193159a20ed"
